// !$*UTF8*$!
{
	archiveVersion = 1;
	classes = {
	};
	objectVersion = 56;
	objects = {

/* Begin PBXBuildFile section */
		7704A7E72C1ABFA800E49CC4 /* Maintenances.swift in Sources */ = {isa = PBXBuildFile; fileRef = 7704A7E62C1ABFA800E49CC4 /* Maintenances.swift */; };
		7704A7EA2C1BFAF300E49CC4 /* MaintenancesNavigationStack.swift in Sources */ = {isa = PBXBuildFile; fileRef = 7704A7E92C1BFAF300E49CC4 /* MaintenancesNavigationStack.swift */; };
		7704A7EC2C1BFB1E00E49CC4 /* MaintenancesListView.swift in Sources */ = {isa = PBXBuildFile; fileRef = 7704A7EB2C1BFB1E00E49CC4 /* MaintenancesListView.swift */; };
		773C03B52C44C84400695A45 /* Tabs.swift in Sources */ = {isa = PBXBuildFile; fileRef = 773C03B42C44C84400695A45 /* Tabs.swift */; };
		773C03B72C44CA7B00695A45 /* SnipeClientTabs.swift in Sources */ = {isa = PBXBuildFile; fileRef = 773C03B62C44CA7B00695A45 /* SnipeClientTabs.swift */; };
		773C03BD2C4520FF00695A45 /* StatsWidgetView.swift in Sources */ = {isa = PBXBuildFile; fileRef = 773C03BC2C4520FF00695A45 /* StatsWidgetView.swift */; };
		7767D8DE2C4A302B00EA5580 /* AssetRow.swift in Sources */ = {isa = PBXBuildFile; fileRef = 7767D8DD2C4A302A00EA5580 /* AssetRow.swift */; };
		776A06972C228DC600F91B5F /* ComponentsNavigationStack.swift in Sources */ = {isa = PBXBuildFile; fileRef = 776A06962C228DC600F91B5F /* ComponentsNavigationStack.swift */; };
		776A06992C228E0E00F91B5F /* ComponentsListView.swift in Sources */ = {isa = PBXBuildFile; fileRef = 776A06982C228E0D00F91B5F /* ComponentsListView.swift */; };
		776A069B2C22909600F91B5F /* Components.swift in Sources */ = {isa = PBXBuildFile; fileRef = 776A069A2C22909600F91B5F /* Components.swift */; };
		776A069D2C23A82600F91B5F /* ComponentsTableView.swift in Sources */ = {isa = PBXBuildFile; fileRef = 776A069C2C23A82600F91B5F /* ComponentsTableView.swift */; };
		776A069F2C23AB8100F91B5F /* MaintenancesTableView.swift in Sources */ = {isa = PBXBuildFile; fileRef = 776A069E2C23AB8100F91B5F /* MaintenancesTableView.swift */; };
		77712EFB2C09EFB900E64AA8 /* AssetListView.swift in Sources */ = {isa = PBXBuildFile; fileRef = 77712EFA2C09EFB900E64AA8 /* AssetListView.swift */; };
		777DFEDF2C2AC8D300A2B754 /* ConsumablesNavigationStack.swift in Sources */ = {isa = PBXBuildFile; fileRef = 777DFEDE2C2AC8D300A2B754 /* ConsumablesNavigationStack.swift */; };
		777DFEE12C2AC90D00A2B754 /* ConsumablesTableView.swift in Sources */ = {isa = PBXBuildFile; fileRef = 777DFEE02C2AC90D00A2B754 /* ConsumablesTableView.swift */; };
		777DFEE32C2AC92A00A2B754 /* Consumables.swift in Sources */ = {isa = PBXBuildFile; fileRef = 777DFEE22C2AC92A00A2B754 /* Consumables.swift */; };
		777DFEE52C2B70C300A2B754 /* ConsumableListView.swift in Sources */ = {isa = PBXBuildFile; fileRef = 777DFEE42C2B70C300A2B754 /* ConsumableListView.swift */; };
		778D72DC2C06A30F0035829C /* SnipeClientMacApp.swift in Sources */ = {isa = PBXBuildFile; fileRef = 778D72DB2C06A30F0035829C /* SnipeClientMacApp.swift */; };
		778D72DE2C06A30F0035829C /* ContentView.swift in Sources */ = {isa = PBXBuildFile; fileRef = 778D72DD2C06A30F0035829C /* ContentView.swift */; };
		778D72E22C06A3100035829C /* Assets.xcassets in Resources */ = {isa = PBXBuildFile; fileRef = 778D72E12C06A3100035829C /* Assets.xcassets */; };
		778D72E62C06A3100035829C /* Preview Assets.xcassets in Resources */ = {isa = PBXBuildFile; fileRef = 778D72E52C06A3100035829C /* Preview Assets.xcassets */; };
		778D72F02C06A3100035829C /* SnipeClientMacTests.swift in Sources */ = {isa = PBXBuildFile; fileRef = 778D72EF2C06A3100035829C /* SnipeClientMacTests.swift */; };
		778D72FA2C06A3100035829C /* SnipeClientMacUITests.swift in Sources */ = {isa = PBXBuildFile; fileRef = 778D72F92C06A3100035829C /* SnipeClientMacUITests.swift */; };
		778D72FC2C06A3100035829C /* SnipeClientMacUITestsLaunchTests.swift in Sources */ = {isa = PBXBuildFile; fileRef = 778D72FB2C06A3100035829C /* SnipeClientMacUITestsLaunchTests.swift */; };
		778D73122C06A4F80035829C /* Helpers.swift in Sources */ = {isa = PBXBuildFile; fileRef = 778D73112C06A4F80035829C /* Helpers.swift */; };
		778D73162C06A74B0035829C /* SettingsNavigationStack.swift in Sources */ = {isa = PBXBuildFile; fileRef = 778D73152C06A74B0035829C /* SettingsNavigationStack.swift */; };
		778D73182C06A7C90035829C /* SettingsView.swift in Sources */ = {isa = PBXBuildFile; fileRef = 778D73172C06A7C90035829C /* SettingsView.swift */; };
		778D731A2C06A80A0035829C /* SettingsStore.swift in Sources */ = {isa = PBXBuildFile; fileRef = 778D73192C06A80A0035829C /* SettingsStore.swift */; };
		778D731F2C06A9DF0035829C /* DashboardNavigationStack.swift in Sources */ = {isa = PBXBuildFile; fileRef = 778D731E2C06A9DF0035829C /* DashboardNavigationStack.swift */; };
		778D73222C06E0080035829C /* Hardware.swift in Sources */ = {isa = PBXBuildFile; fileRef = 778D73212C06E0080035829C /* Hardware.swift */; };
		778D73242C06E6D80035829C /* Users.swift in Sources */ = {isa = PBXBuildFile; fileRef = 778D73232C06E6D80035829C /* Users.swift */; };
		778D73262C0974CD0035829C /* NetworkService.swift in Sources */ = {isa = PBXBuildFile; fileRef = 778D73252C0974CD0035829C /* NetworkService.swift */; };
		778D73282C09750B0035829C /* SnipAPIService.swift in Sources */ = {isa = PBXBuildFile; fileRef = 778D73272C09750B0035829C /* SnipAPIService.swift */; };
		778D732C2C0976560035829C /* DashboardView.swift in Sources */ = {isa = PBXBuildFile; fileRef = 778D732B2C0976560035829C /* DashboardView.swift */; };
		778D732E2C0989F70035829C /* AssetNavigationStack.swift in Sources */ = {isa = PBXBuildFile; fileRef = 778D732D2C0989F70035829C /* AssetNavigationStack.swift */; };
		778D73302C098A6F0035829C /* AssetTableView.swift in Sources */ = {isa = PBXBuildFile; fileRef = 778D732F2C098A6F0035829C /* AssetTableView.swift */; };
		778D73322C09B78A0035829C /* AssetWidgetView.swift in Sources */ = {isa = PBXBuildFile; fileRef = 778D73312C09B78A0035829C /* AssetWidgetView.swift */; };
		778D73342C09B8490035829C /* UsersWidgetView.swift in Sources */ = {isa = PBXBuildFile; fileRef = 778D73332C09B8490035829C /* UsersWidgetView.swift */; };
		77A932C02C0AE26B00F4B730 /* UsersNavigationStack.swift in Sources */ = {isa = PBXBuildFile; fileRef = 77A932BF2C0AE26B00F4B730 /* UsersNavigationStack.swift */; };
		77A932C22C0AE2B500F4B730 /* UserTableView.swift in Sources */ = {isa = PBXBuildFile; fileRef = 77A932C12C0AE2B500F4B730 /* UserTableView.swift */; };
		77A932C42C0AE2C400F4B730 /* UserListView.swift in Sources */ = {isa = PBXBuildFile; fileRef = 77A932C32C0AE2C400F4B730 /* UserListView.swift */; };
		77A932C62C0AFAAA00F4B730 /* Categories.swift in Sources */ = {isa = PBXBuildFile; fileRef = 77A932C52C0AFAAA00F4B730 /* Categories.swift */; };
		77A932C82C0D42A900F4B730 /* AssetDetailView.swift in Sources */ = {isa = PBXBuildFile; fileRef = 77A932C72C0D42A900F4B730 /* AssetDetailView.swift */; };
		77DEB3272C2952640061D228 /* MaintenanceWidgetView.swift in Sources */ = {isa = PBXBuildFile; fileRef = 77DEB3262C2952640061D228 /* MaintenanceWidgetView.swift */; };
/* End PBXBuildFile section */

/* Begin PBXContainerItemProxy section */
		778D72EC2C06A3100035829C /* PBXContainerItemProxy */ = {
			isa = PBXContainerItemProxy;
			containerPortal = 778D72D02C06A30F0035829C /* Project object */;
			proxyType = 1;
			remoteGlobalIDString = 778D72D72C06A30F0035829C;
			remoteInfo = SnipeClientMac;
		};
		778D72F62C06A3100035829C /* PBXContainerItemProxy */ = {
			isa = PBXContainerItemProxy;
			containerPortal = 778D72D02C06A30F0035829C /* Project object */;
			proxyType = 1;
			remoteGlobalIDString = 778D72D72C06A30F0035829C;
			remoteInfo = SnipeClientMac;
		};
/* End PBXContainerItemProxy section */

/* Begin PBXFileReference section */
		7704A7E62C1ABFA800E49CC4 /* Maintenances.swift */ = {isa = PBXFileReference; lastKnownFileType = sourcecode.swift; path = Maintenances.swift; sourceTree = "<group>"; };
		7704A7E92C1BFAF300E49CC4 /* MaintenancesNavigationStack.swift */ = {isa = PBXFileReference; lastKnownFileType = sourcecode.swift; path = MaintenancesNavigationStack.swift; sourceTree = "<group>"; };
		7704A7EB2C1BFB1E00E49CC4 /* MaintenancesListView.swift */ = {isa = PBXFileReference; lastKnownFileType = sourcecode.swift; path = MaintenancesListView.swift; sourceTree = "<group>"; };
		773C03B42C44C84400695A45 /* Tabs.swift */ = {isa = PBXFileReference; lastKnownFileType = sourcecode.swift; path = Tabs.swift; sourceTree = "<group>"; };
		773C03B62C44CA7B00695A45 /* SnipeClientTabs.swift */ = {isa = PBXFileReference; lastKnownFileType = sourcecode.swift; path = SnipeClientTabs.swift; sourceTree = "<group>"; };
		773C03BC2C4520FF00695A45 /* StatsWidgetView.swift */ = {isa = PBXFileReference; lastKnownFileType = sourcecode.swift; path = StatsWidgetView.swift; sourceTree = "<group>"; };
		7767D8DD2C4A302A00EA5580 /* AssetRow.swift */ = {isa = PBXFileReference; lastKnownFileType = sourcecode.swift; path = AssetRow.swift; sourceTree = "<group>"; };
		776A06962C228DC600F91B5F /* ComponentsNavigationStack.swift */ = {isa = PBXFileReference; lastKnownFileType = sourcecode.swift; path = ComponentsNavigationStack.swift; sourceTree = "<group>"; };
		776A06982C228E0D00F91B5F /* ComponentsListView.swift */ = {isa = PBXFileReference; lastKnownFileType = sourcecode.swift; path = ComponentsListView.swift; sourceTree = "<group>"; };
		776A069A2C22909600F91B5F /* Components.swift */ = {isa = PBXFileReference; lastKnownFileType = sourcecode.swift; path = Components.swift; sourceTree = "<group>"; };
		776A069C2C23A82600F91B5F /* ComponentsTableView.swift */ = {isa = PBXFileReference; lastKnownFileType = sourcecode.swift; path = ComponentsTableView.swift; sourceTree = "<group>"; };
		776A069E2C23AB8100F91B5F /* MaintenancesTableView.swift */ = {isa = PBXFileReference; lastKnownFileType = sourcecode.swift; path = MaintenancesTableView.swift; sourceTree = "<group>"; };
		77712EFA2C09EFB900E64AA8 /* AssetListView.swift */ = {isa = PBXFileReference; lastKnownFileType = sourcecode.swift; path = AssetListView.swift; sourceTree = "<group>"; };
		777DFEDE2C2AC8D300A2B754 /* ConsumablesNavigationStack.swift */ = {isa = PBXFileReference; lastKnownFileType = sourcecode.swift; path = ConsumablesNavigationStack.swift; sourceTree = "<group>"; };
		777DFEE02C2AC90D00A2B754 /* ConsumablesTableView.swift */ = {isa = PBXFileReference; lastKnownFileType = sourcecode.swift; path = ConsumablesTableView.swift; sourceTree = "<group>"; };
		777DFEE22C2AC92A00A2B754 /* Consumables.swift */ = {isa = PBXFileReference; lastKnownFileType = sourcecode.swift; path = Consumables.swift; sourceTree = "<group>"; };
		777DFEE42C2B70C300A2B754 /* ConsumableListView.swift */ = {isa = PBXFileReference; lastKnownFileType = sourcecode.swift; path = ConsumableListView.swift; sourceTree = "<group>"; };
		778D72D82C06A30F0035829C /* SnipeClientMac.app */ = {isa = PBXFileReference; explicitFileType = wrapper.application; includeInIndex = 0; path = SnipeClientMac.app; sourceTree = BUILT_PRODUCTS_DIR; };
		778D72DB2C06A30F0035829C /* SnipeClientMacApp.swift */ = {isa = PBXFileReference; lastKnownFileType = sourcecode.swift; path = SnipeClientMacApp.swift; sourceTree = "<group>"; };
		778D72DD2C06A30F0035829C /* ContentView.swift */ = {isa = PBXFileReference; lastKnownFileType = sourcecode.swift; path = ContentView.swift; sourceTree = "<group>"; };
		778D72E12C06A3100035829C /* Assets.xcassets */ = {isa = PBXFileReference; lastKnownFileType = folder.assetcatalog; path = Assets.xcassets; sourceTree = "<group>"; };
		778D72E32C06A3100035829C /* SnipeClientMac.entitlements */ = {isa = PBXFileReference; lastKnownFileType = text.plist.entitlements; path = SnipeClientMac.entitlements; sourceTree = "<group>"; };
		778D72E52C06A3100035829C /* Preview Assets.xcassets */ = {isa = PBXFileReference; lastKnownFileType = folder.assetcatalog; path = "Preview Assets.xcassets"; sourceTree = "<group>"; };
		778D72EB2C06A3100035829C /* SnipeClientMacTests.xctest */ = {isa = PBXFileReference; explicitFileType = wrapper.cfbundle; includeInIndex = 0; path = SnipeClientMacTests.xctest; sourceTree = BUILT_PRODUCTS_DIR; };
		778D72EF2C06A3100035829C /* SnipeClientMacTests.swift */ = {isa = PBXFileReference; lastKnownFileType = sourcecode.swift; path = SnipeClientMacTests.swift; sourceTree = "<group>"; };
		778D72F52C06A3100035829C /* SnipeClientMacUITests.xctest */ = {isa = PBXFileReference; explicitFileType = wrapper.cfbundle; includeInIndex = 0; path = SnipeClientMacUITests.xctest; sourceTree = BUILT_PRODUCTS_DIR; };
		778D72F92C06A3100035829C /* SnipeClientMacUITests.swift */ = {isa = PBXFileReference; lastKnownFileType = sourcecode.swift; path = SnipeClientMacUITests.swift; sourceTree = "<group>"; };
		778D72FB2C06A3100035829C /* SnipeClientMacUITestsLaunchTests.swift */ = {isa = PBXFileReference; lastKnownFileType = sourcecode.swift; path = SnipeClientMacUITestsLaunchTests.swift; sourceTree = "<group>"; };
		778D73112C06A4F80035829C /* Helpers.swift */ = {isa = PBXFileReference; lastKnownFileType = sourcecode.swift; path = Helpers.swift; sourceTree = "<group>"; };
		778D73152C06A74B0035829C /* SettingsNavigationStack.swift */ = {isa = PBXFileReference; lastKnownFileType = sourcecode.swift; path = SettingsNavigationStack.swift; sourceTree = "<group>"; };
		778D73172C06A7C90035829C /* SettingsView.swift */ = {isa = PBXFileReference; lastKnownFileType = sourcecode.swift; path = SettingsView.swift; sourceTree = "<group>"; };
		778D73192C06A80A0035829C /* SettingsStore.swift */ = {isa = PBXFileReference; lastKnownFileType = sourcecode.swift; path = SettingsStore.swift; sourceTree = "<group>"; };
		778D731E2C06A9DF0035829C /* DashboardNavigationStack.swift */ = {isa = PBXFileReference; lastKnownFileType = sourcecode.swift; path = DashboardNavigationStack.swift; sourceTree = "<group>"; };
		778D73212C06E0080035829C /* Hardware.swift */ = {isa = PBXFileReference; lastKnownFileType = sourcecode.swift; path = Hardware.swift; sourceTree = "<group>"; };
		778D73232C06E6D80035829C /* Users.swift */ = {isa = PBXFileReference; lastKnownFileType = sourcecode.swift; path = Users.swift; sourceTree = "<group>"; };
		778D73252C0974CD0035829C /* NetworkService.swift */ = {isa = PBXFileReference; lastKnownFileType = sourcecode.swift; path = NetworkService.swift; sourceTree = "<group>"; };
		778D73272C09750B0035829C /* SnipAPIService.swift */ = {isa = PBXFileReference; lastKnownFileType = sourcecode.swift; path = SnipAPIService.swift; sourceTree = "<group>"; };
		778D732B2C0976560035829C /* DashboardView.swift */ = {isa = PBXFileReference; lastKnownFileType = sourcecode.swift; path = DashboardView.swift; sourceTree = "<group>"; };
		778D732D2C0989F70035829C /* AssetNavigationStack.swift */ = {isa = PBXFileReference; lastKnownFileType = sourcecode.swift; path = AssetNavigationStack.swift; sourceTree = "<group>"; };
		778D732F2C098A6F0035829C /* AssetTableView.swift */ = {isa = PBXFileReference; lastKnownFileType = sourcecode.swift; path = AssetTableView.swift; sourceTree = "<group>"; };
		778D73312C09B78A0035829C /* AssetWidgetView.swift */ = {isa = PBXFileReference; lastKnownFileType = sourcecode.swift; path = AssetWidgetView.swift; sourceTree = "<group>"; };
		778D73332C09B8490035829C /* UsersWidgetView.swift */ = {isa = PBXFileReference; lastKnownFileType = sourcecode.swift; path = UsersWidgetView.swift; sourceTree = "<group>"; };
		77A932BF2C0AE26B00F4B730 /* UsersNavigationStack.swift */ = {isa = PBXFileReference; lastKnownFileType = sourcecode.swift; path = UsersNavigationStack.swift; sourceTree = "<group>"; };
		77A932C12C0AE2B500F4B730 /* UserTableView.swift */ = {isa = PBXFileReference; lastKnownFileType = sourcecode.swift; path = UserTableView.swift; sourceTree = "<group>"; };
		77A932C32C0AE2C400F4B730 /* UserListView.swift */ = {isa = PBXFileReference; lastKnownFileType = sourcecode.swift; path = UserListView.swift; sourceTree = "<group>"; };
		77A932C52C0AFAAA00F4B730 /* Categories.swift */ = {isa = PBXFileReference; lastKnownFileType = sourcecode.swift; path = Categories.swift; sourceTree = "<group>"; };
		77A932C72C0D42A900F4B730 /* AssetDetailView.swift */ = {isa = PBXFileReference; lastKnownFileType = sourcecode.swift; path = AssetDetailView.swift; sourceTree = "<group>"; };
		77DEB3262C2952640061D228 /* MaintenanceWidgetView.swift */ = {isa = PBXFileReference; lastKnownFileType = sourcecode.swift; path = MaintenanceWidgetView.swift; sourceTree = "<group>"; };
/* End PBXFileReference section */

/* Begin PBXFrameworksBuildPhase section */
		778D72D52C06A30F0035829C /* Frameworks */ = {
			isa = PBXFrameworksBuildPhase;
			buildActionMask = 2147483647;
			files = (
			);
			runOnlyForDeploymentPostprocessing = 0;
		};
		778D72E82C06A3100035829C /* Frameworks */ = {
			isa = PBXFrameworksBuildPhase;
			buildActionMask = 2147483647;
			files = (
			);
			runOnlyForDeploymentPostprocessing = 0;
		};
		778D72F22C06A3100035829C /* Frameworks */ = {
			isa = PBXFrameworksBuildPhase;
			buildActionMask = 2147483647;
			files = (
			);
			runOnlyForDeploymentPostprocessing = 0;
		};
/* End PBXFrameworksBuildPhase section */

/* Begin PBXGroup section */
		7704A7E82C1BFAA900E49CC4 /* Maintenances */ = {
			isa = PBXGroup;
			children = (
				7704A7E92C1BFAF300E49CC4 /* MaintenancesNavigationStack.swift */,
				776A069E2C23AB8100F91B5F /* MaintenancesTableView.swift */,
				7704A7EB2C1BFB1E00E49CC4 /* MaintenancesListView.swift */,
			);
			path = Maintenances;
			sourceTree = "<group>";
		};
		776A06952C228D7100F91B5F /* Components */ = {
			isa = PBXGroup;
			children = (
				776A06962C228DC600F91B5F /* ComponentsNavigationStack.swift */,
				776A069C2C23A82600F91B5F /* ComponentsTableView.swift */,
				776A06982C228E0D00F91B5F /* ComponentsListView.swift */,
			);
			path = Components;
			sourceTree = "<group>";
		};
		777DFEDD2C2AC8A700A2B754 /* Consumables */ = {
			isa = PBXGroup;
			children = (
				777DFEDE2C2AC8D300A2B754 /* ConsumablesNavigationStack.swift */,
				777DFEE02C2AC90D00A2B754 /* ConsumablesTableView.swift */,
				777DFEE42C2B70C300A2B754 /* ConsumableListView.swift */,
			);
			path = Consumables;
			sourceTree = "<group>";
		};
		778D72CF2C06A30F0035829C = {
			isa = PBXGroup;
			children = (
				778D72DA2C06A30F0035829C /* SnipeClientMac */,
				778D72EE2C06A3100035829C /* SnipeClientMacTests */,
				778D72F82C06A3100035829C /* SnipeClientMacUITests */,
				778D72D92C06A30F0035829C /* Products */,
			);
			sourceTree = "<group>";
		};
		778D72D92C06A30F0035829C /* Products */ = {
			isa = PBXGroup;
			children = (
				778D72D82C06A30F0035829C /* SnipeClientMac.app */,
				778D72EB2C06A3100035829C /* SnipeClientMacTests.xctest */,
				778D72F52C06A3100035829C /* SnipeClientMacUITests.xctest */,
			);
			name = Products;
			sourceTree = "<group>";
		};
		778D72DA2C06A30F0035829C /* SnipeClientMac */ = {
			isa = PBXGroup;
			children = (
				778D72DB2C06A30F0035829C /* SnipeClientMacApp.swift */,
				778D72DD2C06A30F0035829C /* ContentView.swift */,
				778D73112C06A4F80035829C /* Helpers.swift */,
				778D731D2C06A9960035829C /* API Service */,
				778D730C2C06A3CB0035829C /* Navigation */,
				778D73292C0976290035829C /* View */,
				778D73142C06A5470035829C /* Settings */,
				778D72E12C06A3100035829C /* Assets.xcassets */,
				778D72E32C06A3100035829C /* SnipeClientMac.entitlements */,
				778D72E42C06A3100035829C /* Preview Content */,
			);
			path = SnipeClientMac;
			sourceTree = "<group>";
		};
		778D72E42C06A3100035829C /* Preview Content */ = {
			isa = PBXGroup;
			children = (
				778D72E52C06A3100035829C /* Preview Assets.xcassets */,
			);
			path = "Preview Content";
			sourceTree = "<group>";
		};
		778D72EE2C06A3100035829C /* SnipeClientMacTests */ = {
			isa = PBXGroup;
			children = (
				778D72EF2C06A3100035829C /* SnipeClientMacTests.swift */,
			);
			path = SnipeClientMacTests;
			sourceTree = "<group>";
		};
		778D72F82C06A3100035829C /* SnipeClientMacUITests */ = {
			isa = PBXGroup;
			children = (
				778D72F92C06A3100035829C /* SnipeClientMacUITests.swift */,
				778D72FB2C06A3100035829C /* SnipeClientMacUITestsLaunchTests.swift */,
			);
			path = SnipeClientMacUITests;
			sourceTree = "<group>";
		};
		778D730C2C06A3CB0035829C /* Navigation */ = {
			isa = PBXGroup;
			children = (
				773C03B42C44C84400695A45 /* Tabs.swift */,
				773C03B62C44CA7B00695A45 /* SnipeClientTabs.swift */,
			);
			path = Navigation;
			sourceTree = "<group>";
		};
		778D73132C06A5370035829C /* Dashboard */ = {
			isa = PBXGroup;
			children = (
				778D731E2C06A9DF0035829C /* DashboardNavigationStack.swift */,
				778D732B2C0976560035829C /* DashboardView.swift */,
				773C03BC2C4520FF00695A45 /* StatsWidgetView.swift */,
				778D73312C09B78A0035829C /* AssetWidgetView.swift */,
				778D73332C09B8490035829C /* UsersWidgetView.swift */,
				77DEB3262C2952640061D228 /* MaintenanceWidgetView.swift */,
			);
			path = Dashboard;
			sourceTree = "<group>";
		};
		778D73142C06A5470035829C /* Settings */ = {
			isa = PBXGroup;
			children = (
				778D73152C06A74B0035829C /* SettingsNavigationStack.swift */,
				778D73172C06A7C90035829C /* SettingsView.swift */,
				778D73192C06A80A0035829C /* SettingsStore.swift */,
			);
			path = Settings;
			sourceTree = "<group>";
		};
		778D731D2C06A9960035829C /* API Service */ = {
			isa = PBXGroup;
			children = (
				778D73202C06DFCC0035829C /* Models */,
				778D73252C0974CD0035829C /* NetworkService.swift */,
				778D73272C09750B0035829C /* SnipAPIService.swift */,
			);
			path = "API Service";
			sourceTree = "<group>";
		};
		778D73202C06DFCC0035829C /* Models */ = {
			isa = PBXGroup;
			children = (
				778D73212C06E0080035829C /* Hardware.swift */,
				778D73232C06E6D80035829C /* Users.swift */,
				77A932C52C0AFAAA00F4B730 /* Categories.swift */,
				7704A7E62C1ABFA800E49CC4 /* Maintenances.swift */,
				776A069A2C22909600F91B5F /* Components.swift */,
				777DFEE22C2AC92A00A2B754 /* Consumables.swift */,
			);
			path = Models;
			sourceTree = "<group>";
		};
		778D73292C0976290035829C /* View */ = {
			isa = PBXGroup;
			children = (
				778D73132C06A5370035829C /* Dashboard */,
				778D732A2C0976340035829C /* Assets */,
				77A932BE2C0AE24500F4B730 /* Users */,
				776A06952C228D7100F91B5F /* Components */,
				777DFEDD2C2AC8A700A2B754 /* Consumables */,
				7704A7E82C1BFAA900E49CC4 /* Maintenances */,
			);
			path = View;
			sourceTree = "<group>";
		};
		778D732A2C0976340035829C /* Assets */ = {
			isa = PBXGroup;
			children = (
				778D732D2C0989F70035829C /* AssetNavigationStack.swift */,
				778D732F2C098A6F0035829C /* AssetTableView.swift */,
				77712EFA2C09EFB900E64AA8 /* AssetListView.swift */,
				77A932C72C0D42A900F4B730 /* AssetDetailView.swift */,
				7767D8DD2C4A302A00EA5580 /* AssetRow.swift */,
			);
			path = Assets;
			sourceTree = "<group>";
		};
		77A932BE2C0AE24500F4B730 /* Users */ = {
			isa = PBXGroup;
			children = (
				77A932BF2C0AE26B00F4B730 /* UsersNavigationStack.swift */,
				77A932C12C0AE2B500F4B730 /* UserTableView.swift */,
				77A932C32C0AE2C400F4B730 /* UserListView.swift */,
			);
			path = Users;
			sourceTree = "<group>";
		};
/* End PBXGroup section */

/* Begin PBXNativeTarget section */
		778D72D72C06A30F0035829C /* SnipeClientMac */ = {
			isa = PBXNativeTarget;
			buildConfigurationList = 778D72FF2C06A3100035829C /* Build configuration list for PBXNativeTarget "SnipeClientMac" */;
			buildPhases = (
				778D72D42C06A30F0035829C /* Sources */,
				778D72D52C06A30F0035829C /* Frameworks */,
				778D72D62C06A30F0035829C /* Resources */,
			);
			buildRules = (
			);
			dependencies = (
			);
			name = SnipeClientMac;
			productName = SnipeClientMac;
			productReference = 778D72D82C06A30F0035829C /* SnipeClientMac.app */;
			productType = "com.apple.product-type.application";
		};
		778D72EA2C06A3100035829C /* SnipeClientMacTests */ = {
			isa = PBXNativeTarget;
			buildConfigurationList = 778D73022C06A3100035829C /* Build configuration list for PBXNativeTarget "SnipeClientMacTests" */;
			buildPhases = (
				778D72E72C06A3100035829C /* Sources */,
				778D72E82C06A3100035829C /* Frameworks */,
				778D72E92C06A3100035829C /* Resources */,
			);
			buildRules = (
			);
			dependencies = (
				778D72ED2C06A3100035829C /* PBXTargetDependency */,
			);
			name = SnipeClientMacTests;
			productName = SnipeClientMacTests;
			productReference = 778D72EB2C06A3100035829C /* SnipeClientMacTests.xctest */;
			productType = "com.apple.product-type.bundle.unit-test";
		};
		778D72F42C06A3100035829C /* SnipeClientMacUITests */ = {
			isa = PBXNativeTarget;
			buildConfigurationList = 778D73052C06A3100035829C /* Build configuration list for PBXNativeTarget "SnipeClientMacUITests" */;
			buildPhases = (
				778D72F12C06A3100035829C /* Sources */,
				778D72F22C06A3100035829C /* Frameworks */,
				778D72F32C06A3100035829C /* Resources */,
			);
			buildRules = (
			);
			dependencies = (
				778D72F72C06A3100035829C /* PBXTargetDependency */,
			);
			name = SnipeClientMacUITests;
			productName = SnipeClientMacUITests;
			productReference = 778D72F52C06A3100035829C /* SnipeClientMacUITests.xctest */;
			productType = "com.apple.product-type.bundle.ui-testing";
		};
/* End PBXNativeTarget section */

/* Begin PBXProject section */
		778D72D02C06A30F0035829C /* Project object */ = {
			isa = PBXProject;
			attributes = {
				BuildIndependentTargetsInParallel = 1;
				LastSwiftUpdateCheck = 1540;
				LastUpgradeCheck = 1600;
				TargetAttributes = {
					778D72D72C06A30F0035829C = {
						CreatedOnToolsVersion = 15.4;
					};
					778D72EA2C06A3100035829C = {
						CreatedOnToolsVersion = 15.4;
						TestTargetID = 778D72D72C06A30F0035829C;
					};
					778D72F42C06A3100035829C = {
						CreatedOnToolsVersion = 15.4;
						TestTargetID = 778D72D72C06A30F0035829C;
					};
				};
			};
			buildConfigurationList = 778D72D32C06A30F0035829C /* Build configuration list for PBXProject "SnipeClientMac" */;
			compatibilityVersion = "Xcode 14.0";
			developmentRegion = en;
			hasScannedForEncodings = 0;
			knownRegions = (
				en,
				Base,
			);
			mainGroup = 778D72CF2C06A30F0035829C;
			productRefGroup = 778D72D92C06A30F0035829C /* Products */;
			projectDirPath = "";
			projectRoot = "";
			targets = (
				778D72D72C06A30F0035829C /* SnipeClientMac */,
				778D72EA2C06A3100035829C /* SnipeClientMacTests */,
				778D72F42C06A3100035829C /* SnipeClientMacUITests */,
			);
		};
/* End PBXProject section */

/* Begin PBXResourcesBuildPhase section */
		778D72D62C06A30F0035829C /* Resources */ = {
			isa = PBXResourcesBuildPhase;
			buildActionMask = 2147483647;
			files = (
				778D72E62C06A3100035829C /* Preview Assets.xcassets in Resources */,
				778D72E22C06A3100035829C /* Assets.xcassets in Resources */,
			);
			runOnlyForDeploymentPostprocessing = 0;
		};
		778D72E92C06A3100035829C /* Resources */ = {
			isa = PBXResourcesBuildPhase;
			buildActionMask = 2147483647;
			files = (
			);
			runOnlyForDeploymentPostprocessing = 0;
		};
		778D72F32C06A3100035829C /* Resources */ = {
			isa = PBXResourcesBuildPhase;
			buildActionMask = 2147483647;
			files = (
			);
			runOnlyForDeploymentPostprocessing = 0;
		};
/* End PBXResourcesBuildPhase section */

/* Begin PBXSourcesBuildPhase section */
		778D72D42C06A30F0035829C /* Sources */ = {
			isa = PBXSourcesBuildPhase;
			buildActionMask = 2147483647;
			files = (
				778D72DE2C06A30F0035829C /* ContentView.swift in Sources */,
				778D732C2C0976560035829C /* DashboardView.swift in Sources */,
				77A932C22C0AE2B500F4B730 /* UserTableView.swift in Sources */,
				778D73122C06A4F80035829C /* Helpers.swift in Sources */,
				778D73182C06A7C90035829C /* SettingsView.swift in Sources */,
				778D73342C09B8490035829C /* UsersWidgetView.swift in Sources */,
				778D72DC2C06A30F0035829C /* SnipeClientMacApp.swift in Sources */,
				778D73242C06E6D80035829C /* Users.swift in Sources */,
				778D73262C0974CD0035829C /* NetworkService.swift in Sources */,
				777DFEE32C2AC92A00A2B754 /* Consumables.swift in Sources */,
				7767D8DE2C4A302B00EA5580 /* AssetRow.swift in Sources */,
				776A06972C228DC600F91B5F /* ComponentsNavigationStack.swift in Sources */,
				776A069F2C23AB8100F91B5F /* MaintenancesTableView.swift in Sources */,
				77A932C02C0AE26B00F4B730 /* UsersNavigationStack.swift in Sources */,
				77712EFB2C09EFB900E64AA8 /* AssetListView.swift in Sources */,
				773C03BD2C4520FF00695A45 /* StatsWidgetView.swift in Sources */,
				77DEB3272C2952640061D228 /* MaintenanceWidgetView.swift in Sources */,
				77A932C82C0D42A900F4B730 /* AssetDetailView.swift in Sources */,
				777DFEE12C2AC90D00A2B754 /* ConsumablesTableView.swift in Sources */,
				778D73302C098A6F0035829C /* AssetTableView.swift in Sources */,
				776A069B2C22909600F91B5F /* Components.swift in Sources */,
				778D73282C09750B0035829C /* SnipAPIService.swift in Sources */,
				773C03B52C44C84400695A45 /* Tabs.swift in Sources */,
				77A932C62C0AFAAA00F4B730 /* Categories.swift in Sources */,
				773C03B72C44CA7B00695A45 /* SnipeClientTabs.swift in Sources */,
				7704A7E72C1ABFA800E49CC4 /* Maintenances.swift in Sources */,
				778D731A2C06A80A0035829C /* SettingsStore.swift in Sources */,
				778D73162C06A74B0035829C /* SettingsNavigationStack.swift in Sources */,
				777DFEE52C2B70C300A2B754 /* ConsumableListView.swift in Sources */,
				77A932C42C0AE2C400F4B730 /* UserListView.swift in Sources */,
				778D731F2C06A9DF0035829C /* DashboardNavigationStack.swift in Sources */,
				776A06992C228E0E00F91B5F /* ComponentsListView.swift in Sources */,
				7704A7EA2C1BFAF300E49CC4 /* MaintenancesNavigationStack.swift in Sources */,
				777DFEDF2C2AC8D300A2B754 /* ConsumablesNavigationStack.swift in Sources */,
				778D732E2C0989F70035829C /* AssetNavigationStack.swift in Sources */,
				776A069D2C23A82600F91B5F /* ComponentsTableView.swift in Sources */,
				778D73222C06E0080035829C /* Hardware.swift in Sources */,
				7704A7EC2C1BFB1E00E49CC4 /* MaintenancesListView.swift in Sources */,
				778D73322C09B78A0035829C /* AssetWidgetView.swift in Sources */,
			);
			runOnlyForDeploymentPostprocessing = 0;
		};
		778D72E72C06A3100035829C /* Sources */ = {
			isa = PBXSourcesBuildPhase;
			buildActionMask = 2147483647;
			files = (
				778D72F02C06A3100035829C /* SnipeClientMacTests.swift in Sources */,
			);
			runOnlyForDeploymentPostprocessing = 0;
		};
		778D72F12C06A3100035829C /* Sources */ = {
			isa = PBXSourcesBuildPhase;
			buildActionMask = 2147483647;
			files = (
				778D72FA2C06A3100035829C /* SnipeClientMacUITests.swift in Sources */,
				778D72FC2C06A3100035829C /* SnipeClientMacUITestsLaunchTests.swift in Sources */,
			);
			runOnlyForDeploymentPostprocessing = 0;
		};
/* End PBXSourcesBuildPhase section */

/* Begin PBXTargetDependency section */
		778D72ED2C06A3100035829C /* PBXTargetDependency */ = {
			isa = PBXTargetDependency;
			target = 778D72D72C06A30F0035829C /* SnipeClientMac */;
			targetProxy = 778D72EC2C06A3100035829C /* PBXContainerItemProxy */;
		};
		778D72F72C06A3100035829C /* PBXTargetDependency */ = {
			isa = PBXTargetDependency;
			target = 778D72D72C06A30F0035829C /* SnipeClientMac */;
			targetProxy = 778D72F62C06A3100035829C /* PBXContainerItemProxy */;
		};
/* End PBXTargetDependency section */

/* Begin XCBuildConfiguration section */
		778D72FD2C06A3100035829C /* Debug */ = {
			isa = XCBuildConfiguration;
			buildSettings = {
				ALWAYS_SEARCH_USER_PATHS = NO;
				ASSETCATALOG_COMPILER_GENERATE_SWIFT_ASSET_SYMBOL_EXTENSIONS = YES;
				CLANG_ANALYZER_NONNULL = YES;
				CLANG_ANALYZER_NUMBER_OBJECT_CONVERSION = YES_AGGRESSIVE;
				CLANG_CXX_LANGUAGE_STANDARD = "gnu++20";
				CLANG_ENABLE_MODULES = YES;
				CLANG_ENABLE_OBJC_ARC = YES;
				CLANG_ENABLE_OBJC_WEAK = YES;
				CLANG_WARN_BLOCK_CAPTURE_AUTORELEASING = YES;
				CLANG_WARN_BOOL_CONVERSION = YES;
				CLANG_WARN_COMMA = YES;
				CLANG_WARN_CONSTANT_CONVERSION = YES;
				CLANG_WARN_DEPRECATED_OBJC_IMPLEMENTATIONS = YES;
				CLANG_WARN_DIRECT_OBJC_ISA_USAGE = YES_ERROR;
				CLANG_WARN_DOCUMENTATION_COMMENTS = YES;
				CLANG_WARN_EMPTY_BODY = YES;
				CLANG_WARN_ENUM_CONVERSION = YES;
				CLANG_WARN_INFINITE_RECURSION = YES;
				CLANG_WARN_INT_CONVERSION = YES;
				CLANG_WARN_NON_LITERAL_NULL_CONVERSION = YES;
				CLANG_WARN_OBJC_IMPLICIT_RETAIN_SELF = YES;
				CLANG_WARN_OBJC_LITERAL_CONVERSION = YES;
				CLANG_WARN_OBJC_ROOT_CLASS = YES_ERROR;
				CLANG_WARN_QUOTED_INCLUDE_IN_FRAMEWORK_HEADER = YES;
				CLANG_WARN_RANGE_LOOP_ANALYSIS = YES;
				CLANG_WARN_STRICT_PROTOTYPES = YES;
				CLANG_WARN_SUSPICIOUS_MOVE = YES;
				CLANG_WARN_UNGUARDED_AVAILABILITY = YES_AGGRESSIVE;
				CLANG_WARN_UNREACHABLE_CODE = YES;
				CLANG_WARN__DUPLICATE_METHOD_MATCH = YES;
				COPY_PHASE_STRIP = NO;
				DEAD_CODE_STRIPPING = YES;
				DEBUG_INFORMATION_FORMAT = dwarf;
				ENABLE_STRICT_OBJC_MSGSEND = YES;
				ENABLE_TESTABILITY = YES;
				ENABLE_USER_SCRIPT_SANDBOXING = YES;
				GCC_C_LANGUAGE_STANDARD = gnu17;
				GCC_DYNAMIC_NO_PIC = NO;
				GCC_NO_COMMON_BLOCKS = YES;
				GCC_OPTIMIZATION_LEVEL = 0;
				GCC_PREPROCESSOR_DEFINITIONS = (
					"DEBUG=1",
					"$(inherited)",
				);
				GCC_WARN_64_TO_32_BIT_CONVERSION = YES;
				GCC_WARN_ABOUT_RETURN_TYPE = YES_ERROR;
				GCC_WARN_UNDECLARED_SELECTOR = YES;
				GCC_WARN_UNINITIALIZED_AUTOS = YES_AGGRESSIVE;
				GCC_WARN_UNUSED_FUNCTION = YES;
				GCC_WARN_UNUSED_VARIABLE = YES;
				LOCALIZATION_PREFERS_STRING_CATALOGS = YES;
				MTL_ENABLE_DEBUG_INFO = INCLUDE_SOURCE;
				MTL_FAST_MATH = YES;
				ONLY_ACTIVE_ARCH = YES;
				SWIFT_ACTIVE_COMPILATION_CONDITIONS = "DEBUG $(inherited)";
				SWIFT_OPTIMIZATION_LEVEL = "-Onone";
				SWIFT_UPCOMING_FEATURE_GLOBAL_CONCURRENCY = YES;
			};
			name = Debug;
		};
		778D72FE2C06A3100035829C /* Release */ = {
			isa = XCBuildConfiguration;
			buildSettings = {
				ALWAYS_SEARCH_USER_PATHS = NO;
				ASSETCATALOG_COMPILER_GENERATE_SWIFT_ASSET_SYMBOL_EXTENSIONS = YES;
				CLANG_ANALYZER_NONNULL = YES;
				CLANG_ANALYZER_NUMBER_OBJECT_CONVERSION = YES_AGGRESSIVE;
				CLANG_CXX_LANGUAGE_STANDARD = "gnu++20";
				CLANG_ENABLE_MODULES = YES;
				CLANG_ENABLE_OBJC_ARC = YES;
				CLANG_ENABLE_OBJC_WEAK = YES;
				CLANG_WARN_BLOCK_CAPTURE_AUTORELEASING = YES;
				CLANG_WARN_BOOL_CONVERSION = YES;
				CLANG_WARN_COMMA = YES;
				CLANG_WARN_CONSTANT_CONVERSION = YES;
				CLANG_WARN_DEPRECATED_OBJC_IMPLEMENTATIONS = YES;
				CLANG_WARN_DIRECT_OBJC_ISA_USAGE = YES_ERROR;
				CLANG_WARN_DOCUMENTATION_COMMENTS = YES;
				CLANG_WARN_EMPTY_BODY = YES;
				CLANG_WARN_ENUM_CONVERSION = YES;
				CLANG_WARN_INFINITE_RECURSION = YES;
				CLANG_WARN_INT_CONVERSION = YES;
				CLANG_WARN_NON_LITERAL_NULL_CONVERSION = YES;
				CLANG_WARN_OBJC_IMPLICIT_RETAIN_SELF = YES;
				CLANG_WARN_OBJC_LITERAL_CONVERSION = YES;
				CLANG_WARN_OBJC_ROOT_CLASS = YES_ERROR;
				CLANG_WARN_QUOTED_INCLUDE_IN_FRAMEWORK_HEADER = YES;
				CLANG_WARN_RANGE_LOOP_ANALYSIS = YES;
				CLANG_WARN_STRICT_PROTOTYPES = YES;
				CLANG_WARN_SUSPICIOUS_MOVE = YES;
				CLANG_WARN_UNGUARDED_AVAILABILITY = YES_AGGRESSIVE;
				CLANG_WARN_UNREACHABLE_CODE = YES;
				CLANG_WARN__DUPLICATE_METHOD_MATCH = YES;
				COPY_PHASE_STRIP = NO;
				DEAD_CODE_STRIPPING = YES;
				DEBUG_INFORMATION_FORMAT = "dwarf-with-dsym";
				ENABLE_NS_ASSERTIONS = NO;
				ENABLE_STRICT_OBJC_MSGSEND = YES;
				ENABLE_USER_SCRIPT_SANDBOXING = YES;
				GCC_C_LANGUAGE_STANDARD = gnu17;
				GCC_NO_COMMON_BLOCKS = YES;
				GCC_WARN_64_TO_32_BIT_CONVERSION = YES;
				GCC_WARN_ABOUT_RETURN_TYPE = YES_ERROR;
				GCC_WARN_UNDECLARED_SELECTOR = YES;
				GCC_WARN_UNINITIALIZED_AUTOS = YES_AGGRESSIVE;
				GCC_WARN_UNUSED_FUNCTION = YES;
				GCC_WARN_UNUSED_VARIABLE = YES;
				LOCALIZATION_PREFERS_STRING_CATALOGS = YES;
				MTL_ENABLE_DEBUG_INFO = NO;
				MTL_FAST_MATH = YES;
				SWIFT_COMPILATION_MODE = wholemodule;
				SWIFT_UPCOMING_FEATURE_GLOBAL_CONCURRENCY = YES;
			};
			name = Release;
		};
		778D73002C06A3100035829C /* Debug */ = {
			isa = XCBuildConfiguration;
			buildSettings = {
				ASSETCATALOG_COMPILER_APPICON_NAME = AppIcon;
				ASSETCATALOG_COMPILER_GLOBAL_ACCENT_COLOR_NAME = AccentColor;
				CODE_SIGN_ENTITLEMENTS = SnipeClientMac/SnipeClientMac.entitlements;
				CODE_SIGN_STYLE = Automatic;
				CURRENT_PROJECT_VERSION = 1;
				DEAD_CODE_STRIPPING = YES;
				DEVELOPMENT_ASSET_PATHS = "\"SnipeClientMac/Preview Content\"";
				DEVELOPMENT_TEAM = PU8ES8CS9S;
				ENABLE_HARDENED_RUNTIME = YES;
				ENABLE_PREVIEWS = YES;
				GENERATE_INFOPLIST_FILE = YES;
				"INFOPLIST_KEY_UIApplicationSceneManifest_Generation[sdk=iphoneos*]" = YES;
				"INFOPLIST_KEY_UIApplicationSceneManifest_Generation[sdk=iphonesimulator*]" = YES;
				"INFOPLIST_KEY_UIApplicationSupportsIndirectInputEvents[sdk=iphoneos*]" = YES;
				"INFOPLIST_KEY_UIApplicationSupportsIndirectInputEvents[sdk=iphonesimulator*]" = YES;
				"INFOPLIST_KEY_UILaunchScreen_Generation[sdk=iphoneos*]" = YES;
				"INFOPLIST_KEY_UILaunchScreen_Generation[sdk=iphonesimulator*]" = YES;
				"INFOPLIST_KEY_UIStatusBarStyle[sdk=iphoneos*]" = UIStatusBarStyleDefault;
				"INFOPLIST_KEY_UIStatusBarStyle[sdk=iphonesimulator*]" = UIStatusBarStyleDefault;
				INFOPLIST_KEY_UISupportedInterfaceOrientations = UIInterfaceOrientationPortrait;
				INFOPLIST_KEY_UISupportedInterfaceOrientations_iPad = "UIInterfaceOrientationLandscapeLeft UIInterfaceOrientationLandscapeRight UIInterfaceOrientationPortrait UIInterfaceOrientationPortraitUpsideDown";
				IPHONEOS_DEPLOYMENT_TARGET = 18.0;
				LD_RUNPATH_SEARCH_PATHS = "@executable_path/Frameworks";
				"LD_RUNPATH_SEARCH_PATHS[sdk=macosx*]" = "@executable_path/../Frameworks";
				MACOSX_DEPLOYMENT_TARGET = 15.0;
				MARKETING_VERSION = 1.0;
				PRODUCT_BUNDLE_IDENTIFIER = patrickmfsd.SnipeClientMac;
				PRODUCT_NAME = "$(TARGET_NAME)";
				SDKROOT = auto;
				SUPPORTED_PLATFORMS = "iphoneos iphonesimulator macosx xros xrsimulator";
				SUPPORTS_MACCATALYST = NO;
				SWIFT_EMIT_LOC_STRINGS = YES;
				SWIFT_VERSION = 5.0;
				TARGETED_DEVICE_FAMILY = "1,2,7";
			};
			name = Debug;
		};
		778D73012C06A3100035829C /* Release */ = {
			isa = XCBuildConfiguration;
			buildSettings = {
				ASSETCATALOG_COMPILER_APPICON_NAME = AppIcon;
				ASSETCATALOG_COMPILER_GLOBAL_ACCENT_COLOR_NAME = AccentColor;
				CODE_SIGN_ENTITLEMENTS = SnipeClientMac/SnipeClientMac.entitlements;
				CODE_SIGN_STYLE = Automatic;
				CURRENT_PROJECT_VERSION = 1;
				DEAD_CODE_STRIPPING = YES;
				DEVELOPMENT_ASSET_PATHS = "\"SnipeClientMac/Preview Content\"";
				DEVELOPMENT_TEAM = PU8ES8CS9S;
				ENABLE_HARDENED_RUNTIME = YES;
				ENABLE_PREVIEWS = YES;
				GENERATE_INFOPLIST_FILE = YES;
				"INFOPLIST_KEY_UIApplicationSceneManifest_Generation[sdk=iphoneos*]" = YES;
				"INFOPLIST_KEY_UIApplicationSceneManifest_Generation[sdk=iphonesimulator*]" = YES;
				"INFOPLIST_KEY_UIApplicationSupportsIndirectInputEvents[sdk=iphoneos*]" = YES;
				"INFOPLIST_KEY_UIApplicationSupportsIndirectInputEvents[sdk=iphonesimulator*]" = YES;
				"INFOPLIST_KEY_UILaunchScreen_Generation[sdk=iphoneos*]" = YES;
				"INFOPLIST_KEY_UILaunchScreen_Generation[sdk=iphonesimulator*]" = YES;
				"INFOPLIST_KEY_UIStatusBarStyle[sdk=iphoneos*]" = UIStatusBarStyleDefault;
				"INFOPLIST_KEY_UIStatusBarStyle[sdk=iphonesimulator*]" = UIStatusBarStyleDefault;
				INFOPLIST_KEY_UISupportedInterfaceOrientations = UIInterfaceOrientationPortrait;
				INFOPLIST_KEY_UISupportedInterfaceOrientations_iPad = "UIInterfaceOrientationLandscapeLeft UIInterfaceOrientationLandscapeRight UIInterfaceOrientationPortrait UIInterfaceOrientationPortraitUpsideDown";
				IPHONEOS_DEPLOYMENT_TARGET = 18.0;
				LD_RUNPATH_SEARCH_PATHS = "@executable_path/Frameworks";
				"LD_RUNPATH_SEARCH_PATHS[sdk=macosx*]" = "@executable_path/../Frameworks";
				MACOSX_DEPLOYMENT_TARGET = 15.0;
				MARKETING_VERSION = 1.0;
				PRODUCT_BUNDLE_IDENTIFIER = patrickmfsd.SnipeClientMac;
				PRODUCT_NAME = "$(TARGET_NAME)";
				SDKROOT = auto;
				SUPPORTED_PLATFORMS = "iphoneos iphonesimulator macosx xros xrsimulator";
				SUPPORTS_MACCATALYST = NO;
				SWIFT_EMIT_LOC_STRINGS = YES;
				SWIFT_VERSION = 5.0;
				TARGETED_DEVICE_FAMILY = "1,2,7";
			};
			name = Release;
		};
		778D73032C06A3100035829C /* Debug */ = {
			isa = XCBuildConfiguration;
			buildSettings = {
				BUNDLE_LOADER = "$(TEST_HOST)";
				CODE_SIGN_STYLE = Automatic;
				CURRENT_PROJECT_VERSION = 1;
				DEAD_CODE_STRIPPING = YES;
				DEVELOPMENT_TEAM = PU8ES8CS9S;
				GENERATE_INFOPLIST_FILE = YES;
				IPHONEOS_DEPLOYMENT_TARGET = 17.5;
				MACOSX_DEPLOYMENT_TARGET = 14.5;
				MARKETING_VERSION = 1.0;
				PRODUCT_BUNDLE_IDENTIFIER = patrickmfsd.SnipeClientMacTests;
				PRODUCT_NAME = "$(TARGET_NAME)";
				SDKROOT = auto;
				SUPPORTED_PLATFORMS = "iphoneos iphonesimulator macosx";
				SWIFT_EMIT_LOC_STRINGS = NO;
				SWIFT_VERSION = 5.0;
				TARGETED_DEVICE_FAMILY = "1,2";
				TEST_HOST = "$(BUILT_PRODUCTS_DIR)/SnipeClientMac.app/$(BUNDLE_EXECUTABLE_FOLDER_PATH)/SnipeClientMac";
			};
			name = Debug;
		};
		778D73042C06A3100035829C /* Release */ = {
			isa = XCBuildConfiguration;
			buildSettings = {
				BUNDLE_LOADER = "$(TEST_HOST)";
				CODE_SIGN_STYLE = Automatic;
				CURRENT_PROJECT_VERSION = 1;
				DEAD_CODE_STRIPPING = YES;
				DEVELOPMENT_TEAM = PU8ES8CS9S;
				GENERATE_INFOPLIST_FILE = YES;
				IPHONEOS_DEPLOYMENT_TARGET = 17.5;
				MACOSX_DEPLOYMENT_TARGET = 14.5;
				MARKETING_VERSION = 1.0;
				PRODUCT_BUNDLE_IDENTIFIER = patrickmfsd.SnipeClientMacTests;
				PRODUCT_NAME = "$(TARGET_NAME)";
				SDKROOT = auto;
				SUPPORTED_PLATFORMS = "iphoneos iphonesimulator macosx";
				SWIFT_EMIT_LOC_STRINGS = NO;
				SWIFT_VERSION = 5.0;
				TARGETED_DEVICE_FAMILY = "1,2";
				TEST_HOST = "$(BUILT_PRODUCTS_DIR)/SnipeClientMac.app/$(BUNDLE_EXECUTABLE_FOLDER_PATH)/SnipeClientMac";
			};
			name = Release;
		};
		778D73062C06A3100035829C /* Debug */ = {
			isa = XCBuildConfiguration;
			buildSettings = {
				CODE_SIGN_STYLE = Automatic;
				CURRENT_PROJECT_VERSION = 1;
				DEAD_CODE_STRIPPING = YES;
				DEVELOPMENT_TEAM = PU8ES8CS9S;
				GENERATE_INFOPLIST_FILE = YES;
				IPHONEOS_DEPLOYMENT_TARGET = 17.5;
				MACOSX_DEPLOYMENT_TARGET = 14.5;
				MARKETING_VERSION = 1.0;
				PRODUCT_BUNDLE_IDENTIFIER = patrickmfsd.SnipeClientMacUITests;
				PRODUCT_NAME = "$(TARGET_NAME)";
				SDKROOT = auto;
				SUPPORTED_PLATFORMS = "iphoneos iphonesimulator macosx";
				SWIFT_EMIT_LOC_STRINGS = NO;
				SWIFT_VERSION = 5.0;
				TARGETED_DEVICE_FAMILY = "1,2";
				TEST_TARGET_NAME = SnipeClientMac;
			};
			name = Debug;
		};
		778D73072C06A3100035829C /* Release */ = {
			isa = XCBuildConfiguration;
			buildSettings = {
				CODE_SIGN_STYLE = Automatic;
				CURRENT_PROJECT_VERSION = 1;
				DEAD_CODE_STRIPPING = YES;
				DEVELOPMENT_TEAM = PU8ES8CS9S;
				GENERATE_INFOPLIST_FILE = YES;
				IPHONEOS_DEPLOYMENT_TARGET = 17.5;
				MACOSX_DEPLOYMENT_TARGET = 14.5;
				MARKETING_VERSION = 1.0;
				PRODUCT_BUNDLE_IDENTIFIER = patrickmfsd.SnipeClientMacUITests;
				PRODUCT_NAME = "$(TARGET_NAME)";
				SDKROOT = auto;
				SUPPORTED_PLATFORMS = "iphoneos iphonesimulator macosx";
				SWIFT_EMIT_LOC_STRINGS = NO;
				SWIFT_VERSION = 5.0;
				TARGETED_DEVICE_FAMILY = "1,2";
				TEST_TARGET_NAME = SnipeClientMac;
			};
			name = Release;
		};
/* End XCBuildConfiguration section */

/* Begin XCConfigurationList section */
		778D72D32C06A30F0035829C /* Build configuration list for PBXProject "SnipeClientMac" */ = {
			isa = XCConfigurationList;
			buildConfigurations = (
				778D72FD2C06A3100035829C /* Debug */,
				778D72FE2C06A3100035829C /* Release */,
			);
			defaultConfigurationIsVisible = 0;
			defaultConfigurationName = Release;
		};
		778D72FF2C06A3100035829C /* Build configuration list for PBXNativeTarget "SnipeClientMac" */ = {
			isa = XCConfigurationList;
			buildConfigurations = (
				778D73002C06A3100035829C /* Debug */,
				778D73012C06A3100035829C /* Release */,
			);
			defaultConfigurationIsVisible = 0;
			defaultConfigurationName = Release;
		};
		778D73022C06A3100035829C /* Build configuration list for PBXNativeTarget "SnipeClientMacTests" */ = {
			isa = XCConfigurationList;
			buildConfigurations = (
				778D73032C06A3100035829C /* Debug */,
				778D73042C06A3100035829C /* Release */,
			);
			defaultConfigurationIsVisible = 0;
			defaultConfigurationName = Release;
		};
		778D73052C06A3100035829C /* Build configuration list for PBXNativeTarget "SnipeClientMacUITests" */ = {
			isa = XCConfigurationList;
			buildConfigurations = (
				778D73062C06A3100035829C /* Debug */,
				778D73072C06A3100035829C /* Release */,
			);
			defaultConfigurationIsVisible = 0;
			defaultConfigurationName = Release;
		};
/* End XCConfigurationList section */
	};
	rootObject = 778D72D02C06A30F0035829C /* Project object */;
}
